
Microsoft Visual Studio Solution File, Format Version 12.00
# Visual Studio Version 16
VisualStudioVersion = 16.0.32510.428
MinimumVisualStudioVersion = 10.0.40219.1
Project("{FAE04EC0-301F-11D3-BF4B-00C04F79EFBC}") = "InventoryService", "InventoryService\InventoryService.csproj", "{D6D76C7D-1A01-4DC6-87E1-66CAA05B0702}"
EndProject
Project("{2150E333-8FDC-42A3-9474-1A3956D46DE8}") = "Solution Items", "Solution Items", "{708EE9F9-8116-4CC2-8C1C-1AFFBC52BFD7}"
	ProjectSection(SolutionItems) = preProject
		.editorconfig = .editorconfig
	EndProjectSection
EndProject
Global
	GlobalSection(SolutionConfigurationPlatforms) = preSolution
		Debug|Any CPU = Debug|Any CPU
		Release|Any CPU = Release|Any CPU
	EndGlobalSection
	GlobalSection(ProjectConfigurationPlatforms) = postSolution
		{D6D76C7D-1A01-4DC6-87E1-66CAA05B0702}.Debug|Any CPU.ActiveCfg = Debug|Any CPU
		{D6D76C7D-1A01-4DC6-87E1-66CAA05B0702}.Debug|Any CPU.Build.0 = Debug|Any CPU
		{D6D76C7D-1A01-4DC6-87E1-66CAA05B0702}.Release|Any CPU.ActiveCfg = Release|Any CPU
		{D6D76C7D-1A01-4DC6-87E1-66CAA05B0702}.Release|Any CPU.Build.0 = Release|Any CPU
	EndGlobalSection
	GlobalSection(SolutionProperties) = preSolution
		HideSolutionNode = FALSE
	EndGlobalSection
	GlobalSection(ExtensibilityGlobals) = postSolution
		SolutionGuid = {080243B3-4264-477F-AD88-B0AA0FFE375B}
	EndGlobalSection
EndGlobal
